
Microsoft Visual Studio Solution File, Format Version 12.00
Project("{FAE04EC0-301F-11D3-BF4B-00C04F79EFBC}") = "Ecommerce.Gateway", "Ecommerce.Gateway\Ecommerce.Gateway.csproj", "{97EFFB1D-DCC9-4226-B053-B40BBB2A86B2}"
EndProject
Project("{2150E333-8FDC-42A3-9474-1A3956D46DE8}") = "Solution Items", "Solution Items", "{FE8860BD-3639-4572-9991-FF6C5CFE683C}"
	ProjectSection(SolutionItems) = preProject
		compose.yaml = compose.yaml
	EndProjectSection
EndProject
Project("{2150E333-8FDC-42A3-9474-1A3956D46DE8}") = "Services", "Services", "{6A7ABAB0-0AAB-474F-9A09-997B6387741E}"
EndProject
Project("{2150E333-8FDC-42A3-9474-1A3956D46DE8}") = "UserService", "UserService", "{23469550-2F8F-4B8A-BD1D-F8968CB5A68E}"
EndProject
Project("{FAE04EC0-301F-11D3-BF4B-00C04F79EFBC}") = "User.Api", "User.Api\User.Api.csproj", "{704687C7-5800-4EC5-BA0D-32CC886FFE22}"
EndProject
Project("{FAE04EC0-301F-11D3-BF4B-00C04F79EFBC}") = "User.Domain", "User.Domain\User.Domain.csproj", "{04B37F5F-68FC-498D-9AC6-E0286EDBC495}"
EndProject
Project("{FAE04EC0-301F-11D3-BF4B-00C04F79EFBC}") = "User.Database", "User.Database\User.Database.csproj", "{8C82190B-95B8-4B20-9BF5-D9CCBC8617EF}"
EndProject
Project("{FAE04EC0-301F-11D3-BF4B-00C04F79EFBC}") = "User.Application", "User.Application\User.Application.csproj", "{3B759B4C-E32A-4774-AE96-20C252185D27}"
EndProject
Project("{2150E333-8FDC-42A3-9474-1A3956D46DE8}") = "IdentityService", "IdentityService", "{E6612BB5-A8F8-4C9E-9F3F-56DC0BB2FED4}"
EndProject
Project("{FAE04EC0-301F-11D3-BF4B-00C04F79EFBC}") = "Identity.Api", "Identity.Api\Identity.Api.csproj", "{D5E6E989-B71A-43A0-8006-1C794FA21C42}"
EndProject
Project("{FAE04EC0-301F-11D3-BF4B-00C04F79EFBC}") = "Database", "Database\Database.csproj", "{E3B5F1B5-9E97-403E-801D-EABEA2EDD777}"
EndProject
Global
	GlobalSection(SolutionConfigurationPlatforms) = preSolution
		Debug|Any CPU = Debug|Any CPU
		Release|Any CPU = Release|Any CPU
	EndGlobalSection
	GlobalSection(ProjectConfigurationPlatforms) = postSolution
		{97EFFB1D-DCC9-4226-B053-B40BBB2A86B2}.Debug|Any CPU.ActiveCfg = Debug|Any CPU
		{97EFFB1D-DCC9-4226-B053-B40BBB2A86B2}.Debug|Any CPU.Build.0 = Debug|Any CPU
		{97EFFB1D-DCC9-4226-B053-B40BBB2A86B2}.Release|Any CPU.ActiveCfg = Release|Any CPU
		{97EFFB1D-DCC9-4226-B053-B40BBB2A86B2}.Release|Any CPU.Build.0 = Release|Any CPU
		{704687C7-5800-4EC5-BA0D-32CC886FFE22}.Debug|Any CPU.ActiveCfg = Debug|Any CPU
		{704687C7-5800-4EC5-BA0D-32CC886FFE22}.Debug|Any CPU.Build.0 = Debug|Any CPU
		{704687C7-5800-4EC5-BA0D-32CC886FFE22}.Release|Any CPU.ActiveCfg = Release|Any CPU
		{704687C7-5800-4EC5-BA0D-32CC886FFE22}.Release|Any CPU.Build.0 = Release|Any CPU
		{04B37F5F-68FC-498D-9AC6-E0286EDBC495}.Debug|Any CPU.ActiveCfg = Debug|Any CPU
		{04B37F5F-68FC-498D-9AC6-E0286EDBC495}.Debug|Any CPU.Build.0 = Debug|Any CPU
		{04B37F5F-68FC-498D-9AC6-E0286EDBC495}.Release|Any CPU.ActiveCfg = Release|Any CPU
		{04B37F5F-68FC-498D-9AC6-E0286EDBC495}.Release|Any CPU.Build.0 = Release|Any CPU
		{8C82190B-95B8-4B20-9BF5-D9CCBC8617EF}.Debug|Any CPU.ActiveCfg = Debug|Any CPU
		{8C82190B-95B8-4B20-9BF5-D9CCBC8617EF}.Debug|Any CPU.Build.0 = Debug|Any CPU
		{8C82190B-95B8-4B20-9BF5-D9CCBC8617EF}.Release|Any CPU.ActiveCfg = Release|Any CPU
		{8C82190B-95B8-4B20-9BF5-D9CCBC8617EF}.Release|Any CPU.Build.0 = Release|Any CPU
		{3B759B4C-E32A-4774-AE96-20C252185D27}.Debug|Any CPU.ActiveCfg = Debug|Any CPU
		{3B759B4C-E32A-4774-AE96-20C252185D27}.Debug|Any CPU.Build.0 = Debug|Any CPU
		{3B759B4C-E32A-4774-AE96-20C252185D27}.Release|Any CPU.ActiveCfg = Release|Any CPU
		{3B759B4C-E32A-4774-AE96-20C252185D27}.Release|Any CPU.Build.0 = Release|Any CPU
		{D5E6E989-B71A-43A0-8006-1C794FA21C42}.Debug|Any CPU.ActiveCfg = Debug|Any CPU
		{D5E6E989-B71A-43A0-8006-1C794FA21C42}.Debug|Any CPU.Build.0 = Debug|Any CPU
		{D5E6E989-B71A-43A0-8006-1C794FA21C42}.Release|Any CPU.ActiveCfg = Release|Any CPU
		{D5E6E989-B71A-43A0-8006-1C794FA21C42}.Release|Any CPU.Build.0 = Release|Any CPU
		{E3B5F1B5-9E97-403E-801D-EABEA2EDD777}.Debug|Any CPU.ActiveCfg = Debug|Any CPU
		{E3B5F1B5-9E97-403E-801D-EABEA2EDD777}.Debug|Any CPU.Build.0 = Debug|Any CPU
		{E3B5F1B5-9E97-403E-801D-EABEA2EDD777}.Release|Any CPU.ActiveCfg = Release|Any CPU
		{E3B5F1B5-9E97-403E-801D-EABEA2EDD777}.Release|Any CPU.Build.0 = Release|Any CPU
	EndGlobalSection
	GlobalSection(NestedProjects) = preSolution
		{23469550-2F8F-4B8A-BD1D-F8968CB5A68E} = {6A7ABAB0-0AAB-474F-9A09-997B6387741E}
		{704687C7-5800-4EC5-BA0D-32CC886FFE22} = {23469550-2F8F-4B8A-BD1D-F8968CB5A68E}
		{04B37F5F-68FC-498D-9AC6-E0286EDBC495} = {23469550-2F8F-4B8A-BD1D-F8968CB5A68E}
		{8C82190B-95B8-4B20-9BF5-D9CCBC8617EF} = {23469550-2F8F-4B8A-BD1D-F8968CB5A68E}
		{3B759B4C-E32A-4774-AE96-20C252185D27} = {23469550-2F8F-4B8A-BD1D-F8968CB5A68E}
		{E6612BB5-A8F8-4C9E-9F3F-56DC0BB2FED4} = {6A7ABAB0-0AAB-474F-9A09-997B6387741E}
		{D5E6E989-B71A-43A0-8006-1C794FA21C42} = {E6612BB5-A8F8-4C9E-9F3F-56DC0BB2FED4}
		{E3B5F1B5-9E97-403E-801D-EABEA2EDD777} = {E6612BB5-A8F8-4C9E-9F3F-56DC0BB2FED4}
	EndGlobalSection
EndGlobal
